// !$*UTF8*$!
{
	archiveVersion = 1;
	classes = {
	};
	objectVersion = 56;
	objects = {

/* Begin PBXBuildFile section */
		06C3BC662B1B39410040A2EC /* AppDelegate.swift in Sources */ = {isa = PBXBuildFile; fileRef = 06C3BC652B1B39410040A2EC /* AppDelegate.swift */; };
		06C3BC682B1B39410040A2EC /* SceneDelegate.swift in Sources */ = {isa = PBXBuildFile; fileRef = 06C3BC672B1B39410040A2EC /* SceneDelegate.swift */; };
		06C3BC6A2B1B39410040A2EC /* ViewController.swift in Sources */ = {isa = PBXBuildFile; fileRef = 06C3BC692B1B39410040A2EC /* ViewController.swift */; };
		06C3BC6D2B1B39410040A2EC /* Main.storyboard in Resources */ = {isa = PBXBuildFile; fileRef = 06C3BC6B2B1B39410040A2EC /* Main.storyboard */; };
		06C3BC6F2B1B39420040A2EC /* Assets.xcassets in Resources */ = {isa = PBXBuildFile; fileRef = 06C3BC6E2B1B39420040A2EC /* Assets.xcassets */; };
		06C3BC722B1B39420040A2EC /* LaunchScreen.storyboard in Resources */ = {isa = PBXBuildFile; fileRef = 06C3BC702B1B39420040A2EC /* LaunchScreen.storyboard */; };
		06C3BC7D2B1B39420040A2EC /* PixaBayTests.swift in Sources */ = {isa = PBXBuildFile; fileRef = 06C3BC7C2B1B39420040A2EC /* PixaBayTests.swift */; };
		06C3BC872B1B39420040A2EC /* PixaBayUITests.swift in Sources */ = {isa = PBXBuildFile; fileRef = 06C3BC862B1B39420040A2EC /* PixaBayUITests.swift */; };
		06C3BC892B1B39420040A2EC /* PixaBayUITestsLaunchTests.swift in Sources */ = {isa = PBXBuildFile; fileRef = 06C3BC882B1B39420040A2EC /* PixaBayUITestsLaunchTests.swift */; };
		06C3BC9F2B1B3CD90040A2EC /* DI in Frameworks */ = {isa = PBXBuildFile; productRef = 06C3BC9E2B1B3CD90040A2EC /* DI */; };
		06C3BCA22B1B4C750040A2EC /* Network in Frameworks */ = {isa = PBXBuildFile; productRef = 06C3BCA12B1B4C750040A2EC /* Network */; };
/* End PBXBuildFile section */

/* Begin PBXContainerItemProxy section */
		06C3BC792B1B39420040A2EC /* PBXContainerItemProxy */ = {
			isa = PBXContainerItemProxy;
			containerPortal = 06C3BC5A2B1B39410040A2EC /* Project object */;
			proxyType = 1;
			remoteGlobalIDString = 06C3BC612B1B39410040A2EC;
			remoteInfo = PixaBay;
		};
		06C3BC832B1B39420040A2EC /* PBXContainerItemProxy */ = {
			isa = PBXContainerItemProxy;
			containerPortal = 06C3BC5A2B1B39410040A2EC /* Project object */;
			proxyType = 1;
			remoteGlobalIDString = 06C3BC612B1B39410040A2EC;
			remoteInfo = PixaBay;
		};
/* End PBXContainerItemProxy section */

/* Begin PBXFileReference section */
		06C3BC622B1B39410040A2EC /* PixaBay.app */ = {isa = PBXFileReference; explicitFileType = wrapper.application; includeInIndex = 0; path = PixaBay.app; sourceTree = BUILT_PRODUCTS_DIR; };
		06C3BC652B1B39410040A2EC /* AppDelegate.swift */ = {isa = PBXFileReference; lastKnownFileType = sourcecode.swift; path = AppDelegate.swift; sourceTree = "<group>"; };
		06C3BC672B1B39410040A2EC /* SceneDelegate.swift */ = {isa = PBXFileReference; lastKnownFileType = sourcecode.swift; path = SceneDelegate.swift; sourceTree = "<group>"; };
		06C3BC692B1B39410040A2EC /* ViewController.swift */ = {isa = PBXFileReference; lastKnownFileType = sourcecode.swift; path = ViewController.swift; sourceTree = "<group>"; };
		06C3BC6C2B1B39410040A2EC /* Base */ = {isa = PBXFileReference; lastKnownFileType = file.storyboard; name = Base; path = Base.lproj/Main.storyboard; sourceTree = "<group>"; };
		06C3BC6E2B1B39420040A2EC /* Assets.xcassets */ = {isa = PBXFileReference; lastKnownFileType = folder.assetcatalog; path = Assets.xcassets; sourceTree = "<group>"; };
		06C3BC712B1B39420040A2EC /* Base */ = {isa = PBXFileReference; lastKnownFileType = file.storyboard; name = Base; path = Base.lproj/LaunchScreen.storyboard; sourceTree = "<group>"; };
		06C3BC732B1B39420040A2EC /* Info.plist */ = {isa = PBXFileReference; lastKnownFileType = text.plist.xml; path = Info.plist; sourceTree = "<group>"; };
		06C3BC782B1B39420040A2EC /* PixaBayTests.xctest */ = {isa = PBXFileReference; explicitFileType = wrapper.cfbundle; includeInIndex = 0; path = PixaBayTests.xctest; sourceTree = BUILT_PRODUCTS_DIR; };
		06C3BC7C2B1B39420040A2EC /* PixaBayTests.swift */ = {isa = PBXFileReference; lastKnownFileType = sourcecode.swift; path = PixaBayTests.swift; sourceTree = "<group>"; };
		06C3BC822B1B39420040A2EC /* PixaBayUITests.xctest */ = {isa = PBXFileReference; explicitFileType = wrapper.cfbundle; includeInIndex = 0; path = PixaBayUITests.xctest; sourceTree = BUILT_PRODUCTS_DIR; };
		06C3BC862B1B39420040A2EC /* PixaBayUITests.swift */ = {isa = PBXFileReference; lastKnownFileType = sourcecode.swift; path = PixaBayUITests.swift; sourceTree = "<group>"; };
		06C3BC882B1B39420040A2EC /* PixaBayUITestsLaunchTests.swift */ = {isa = PBXFileReference; lastKnownFileType = sourcecode.swift; path = PixaBayUITestsLaunchTests.swift; sourceTree = "<group>"; };
		06C3BC9A2B1B3B9E0040A2EC /* Data */ = {isa = PBXFileReference; lastKnownFileType = wrapper; path = Data; sourceTree = "<group>"; };
		06C3BC9B2B1B3BB20040A2EC /* Domain */ = {isa = PBXFileReference; lastKnownFileType = wrapper; path = Domain; sourceTree = "<group>"; };
		06C3BC9C2B1B3BC90040A2EC /* Presentation */ = {isa = PBXFileReference; lastKnownFileType = wrapper; path = Presentation; sourceTree = "<group>"; };
/* End PBXFileReference section */

/* Begin PBXFrameworksBuildPhase section */
		06C3BC5F2B1B39410040A2EC /* Frameworks */ = {
			isa = PBXFrameworksBuildPhase;
			buildActionMask = 2147483647;
			files = (
				06C3BC9F2B1B3CD90040A2EC /* DI in Frameworks */,
				06C3BCA22B1B4C750040A2EC /* Network in Frameworks */,
			);
			runOnlyForDeploymentPostprocessing = 0;
		};
		06C3BC752B1B39420040A2EC /* Frameworks */ = {
			isa = PBXFrameworksBuildPhase;
			buildActionMask = 2147483647;
			files = (
			);
			runOnlyForDeploymentPostprocessing = 0;
		};
		06C3BC7F2B1B39420040A2EC /* Frameworks */ = {
			isa = PBXFrameworksBuildPhase;
			buildActionMask = 2147483647;
			files = (
			);
			runOnlyForDeploymentPostprocessing = 0;
		};
/* End PBXFrameworksBuildPhase section */

/* Begin PBXGroup section */
		06C3BC592B1B39410040A2EC = {
			isa = PBXGroup;
			children = (
				06C3BC992B1B3B6D0040A2EC /* Packages */,
				06C3BC642B1B39410040A2EC /* PixaBay */,
				06C3BC7B2B1B39420040A2EC /* PixaBayTests */,
				06C3BC852B1B39420040A2EC /* PixaBayUITests */,
				06C3BC632B1B39410040A2EC /* Products */,
			);
			sourceTree = "<group>";
		};
		06C3BC632B1B39410040A2EC /* Products */ = {
			isa = PBXGroup;
			children = (
				06C3BC622B1B39410040A2EC /* PixaBay.app */,
				06C3BC782B1B39420040A2EC /* PixaBayTests.xctest */,
				06C3BC822B1B39420040A2EC /* PixaBayUITests.xctest */,
			);
			name = Products;
			sourceTree = "<group>";
		};
		06C3BC642B1B39410040A2EC /* PixaBay */ = {
			isa = PBXGroup;
			children = (
				06C3BC652B1B39410040A2EC /* AppDelegate.swift */,
				06C3BC672B1B39410040A2EC /* SceneDelegate.swift */,
				06C3BC692B1B39410040A2EC /* ViewController.swift */,
				06C3BC6B2B1B39410040A2EC /* Main.storyboard */,
				06C3BC6E2B1B39420040A2EC /* Assets.xcassets */,
				06C3BC702B1B39420040A2EC /* LaunchScreen.storyboard */,
				06C3BC732B1B39420040A2EC /* Info.plist */,
			);
			path = PixaBay;
			sourceTree = "<group>";
		};
		06C3BC7B2B1B39420040A2EC /* PixaBayTests */ = {
			isa = PBXGroup;
			children = (
				06C3BC7C2B1B39420040A2EC /* PixaBayTests.swift */,
			);
			path = PixaBayTests;
			sourceTree = "<group>";
		};
		06C3BC852B1B39420040A2EC /* PixaBayUITests */ = {
			isa = PBXGroup;
			children = (
				06C3BC862B1B39420040A2EC /* PixaBayUITests.swift */,
				06C3BC882B1B39420040A2EC /* PixaBayUITestsLaunchTests.swift */,
			);
			path = PixaBayUITests;
			sourceTree = "<group>";
		};
		06C3BC992B1B3B6D0040A2EC /* Packages */ = {
			isa = PBXGroup;
			children = (
				06C3BC9C2B1B3BC90040A2EC /* Presentation */,
				06C3BC9B2B1B3BB20040A2EC /* Domain */,
				06C3BC9A2B1B3B9E0040A2EC /* Data */,
			);
			path = Packages;
			sourceTree = "<group>";
		};
/* End PBXGroup section */

/* Begin PBXNativeTarget section */
		06C3BC612B1B39410040A2EC /* PixaBay */ = {
			isa = PBXNativeTarget;
			buildConfigurationList = 06C3BC8C2B1B39420040A2EC /* Build configuration list for PBXNativeTarget "PixaBay" */;
			buildPhases = (
				06C3BC5E2B1B39410040A2EC /* Sources */,
				06C3BC5F2B1B39410040A2EC /* Frameworks */,
				06C3BC602B1B39410040A2EC /* Resources */,
			);
			buildRules = (
			);
			dependencies = (
			);
			name = PixaBay;
			packageProductDependencies = (
				06C3BC9E2B1B3CD90040A2EC /* DI */,
				06C3BCA12B1B4C750040A2EC /* Network */,
			);
			productName = PixaBay;
			productReference = 06C3BC622B1B39410040A2EC /* PixaBay.app */;
			productType = "com.apple.product-type.application";
		};
		06C3BC772B1B39420040A2EC /* PixaBayTests */ = {
			isa = PBXNativeTarget;
			buildConfigurationList = 06C3BC8F2B1B39420040A2EC /* Build configuration list for PBXNativeTarget "PixaBayTests" */;
			buildPhases = (
				06C3BC742B1B39420040A2EC /* Sources */,
				06C3BC752B1B39420040A2EC /* Frameworks */,
				06C3BC762B1B39420040A2EC /* Resources */,
			);
			buildRules = (
			);
			dependencies = (
				06C3BC7A2B1B39420040A2EC /* PBXTargetDependency */,
			);
			name = PixaBayTests;
			productName = PixaBayTests;
			productReference = 06C3BC782B1B39420040A2EC /* PixaBayTests.xctest */;
			productType = "com.apple.product-type.bundle.unit-test";
		};
		06C3BC812B1B39420040A2EC /* PixaBayUITests */ = {
			isa = PBXNativeTarget;
			buildConfigurationList = 06C3BC922B1B39420040A2EC /* Build configuration list for PBXNativeTarget "PixaBayUITests" */;
			buildPhases = (
				06C3BC7E2B1B39420040A2EC /* Sources */,
				06C3BC7F2B1B39420040A2EC /* Frameworks */,
				06C3BC802B1B39420040A2EC /* Resources */,
			);
			buildRules = (
			);
			dependencies = (
				06C3BC842B1B39420040A2EC /* PBXTargetDependency */,
			);
			name = PixaBayUITests;
			productName = PixaBayUITests;
			productReference = 06C3BC822B1B39420040A2EC /* PixaBayUITests.xctest */;
			productType = "com.apple.product-type.bundle.ui-testing";
		};
/* End PBXNativeTarget section */

/* Begin PBXProject section */
		06C3BC5A2B1B39410040A2EC /* Project object */ = {
			isa = PBXProject;
			attributes = {
				BuildIndependentTargetsInParallel = 1;
				LastSwiftUpdateCheck = 1500;
				LastUpgradeCheck = 1500;
				TargetAttributes = {
					06C3BC612B1B39410040A2EC = {
						CreatedOnToolsVersion = 15.0;
					};
					06C3BC772B1B39420040A2EC = {
						CreatedOnToolsVersion = 15.0;
						TestTargetID = 06C3BC612B1B39410040A2EC;
					};
					06C3BC812B1B39420040A2EC = {
						CreatedOnToolsVersion = 15.0;
						TestTargetID = 06C3BC612B1B39410040A2EC;
					};
				};
			};
			buildConfigurationList = 06C3BC5D2B1B39410040A2EC /* Build configuration list for PBXProject "PixaBay" */;
			compatibilityVersion = "Xcode 14.0";
			developmentRegion = en;
			hasScannedForEncodings = 0;
			knownRegions = (
				en,
				Base,
			);
			mainGroup = 06C3BC592B1B39410040A2EC;
			packageReferences = (
				06C3BC9D2B1B3CD90040A2EC /* XCRemoteSwiftPackageReference "swift-di" */,
				06C3BCA02B1B4C750040A2EC /* XCRemoteSwiftPackageReference "swift-network" */,
			);
			productRefGroup = 06C3BC632B1B39410040A2EC /* Products */;
			projectDirPath = "";
			projectRoot = "";
			targets = (
				06C3BC612B1B39410040A2EC /* PixaBay */,
				06C3BC772B1B39420040A2EC /* PixaBayTests */,
				06C3BC812B1B39420040A2EC /* PixaBayUITests */,
			);
		};
/* End PBXProject section */

/* Begin PBXResourcesBuildPhase section */
		06C3BC602B1B39410040A2EC /* Resources */ = {
			isa = PBXResourcesBuildPhase;
			buildActionMask = 2147483647;
			files = (
				06C3BC722B1B39420040A2EC /* LaunchScreen.storyboard in Resources */,
				06C3BC6F2B1B39420040A2EC /* Assets.xcassets in Resources */,
				06C3BC6D2B1B39410040A2EC /* Main.storyboard in Resources */,
			);
			runOnlyForDeploymentPostprocessing = 0;
		};
		06C3BC762B1B39420040A2EC /* Resources */ = {
			isa = PBXResourcesBuildPhase;
			buildActionMask = 2147483647;
			files = (
			);
			runOnlyForDeploymentPostprocessing = 0;
		};
		06C3BC802B1B39420040A2EC /* Resources */ = {
			isa = PBXResourcesBuildPhase;
			buildActionMask = 2147483647;
			files = (
			);
			runOnlyForDeploymentPostprocessing = 0;
		};
/* End PBXResourcesBuildPhase section */

/* Begin PBXSourcesBuildPhase section */
		06C3BC5E2B1B39410040A2EC /* Sources */ = {
			isa = PBXSourcesBuildPhase;
			buildActionMask = 2147483647;
			files = (
				06C3BC6A2B1B39410040A2EC /* ViewController.swift in Sources */,
				06C3BC662B1B39410040A2EC /* AppDelegate.swift in Sources */,
				06C3BC682B1B39410040A2EC /* SceneDelegate.swift in Sources */,
			);
			runOnlyForDeploymentPostprocessing = 0;
		};
		06C3BC742B1B39420040A2EC /* Sources */ = {
			isa = PBXSourcesBuildPhase;
			buildActionMask = 2147483647;
			files = (
				06C3BC7D2B1B39420040A2EC /* PixaBayTests.swift in Sources */,
			);
			runOnlyForDeploymentPostprocessing = 0;
		};
		06C3BC7E2B1B39420040A2EC /* Sources */ = {
			isa = PBXSourcesBuildPhase;
			buildActionMask = 2147483647;
			files = (
				06C3BC872B1B39420040A2EC /* PixaBayUITests.swift in Sources */,
				06C3BC892B1B39420040A2EC /* PixaBayUITestsLaunchTests.swift in Sources */,
			);
			runOnlyForDeploymentPostprocessing = 0;
		};
/* End PBXSourcesBuildPhase section */

/* Begin PBXTargetDependency section */
		06C3BC7A2B1B39420040A2EC /* PBXTargetDependency */ = {
			isa = PBXTargetDependency;
			target = 06C3BC612B1B39410040A2EC /* PixaBay */;
			targetProxy = 06C3BC792B1B39420040A2EC /* PBXContainerItemProxy */;
		};
		06C3BC842B1B39420040A2EC /* PBXTargetDependency */ = {
			isa = PBXTargetDependency;
			target = 06C3BC612B1B39410040A2EC /* PixaBay */;
			targetProxy = 06C3BC832B1B39420040A2EC /* PBXContainerItemProxy */;
		};
/* End PBXTargetDependency section */

/* Begin PBXVariantGroup section */
		06C3BC6B2B1B39410040A2EC /* Main.storyboard */ = {
			isa = PBXVariantGroup;
			children = (
				06C3BC6C2B1B39410040A2EC /* Base */,
			);
			name = Main.storyboard;
			sourceTree = "<group>";
		};
		06C3BC702B1B39420040A2EC /* LaunchScreen.storyboard */ = {
			isa = PBXVariantGroup;
			children = (
				06C3BC712B1B39420040A2EC /* Base */,
			);
			name = LaunchScreen.storyboard;
			sourceTree = "<group>";
		};
/* End PBXVariantGroup section */

/* Begin XCBuildConfiguration section */
		06C3BC8A2B1B39420040A2EC /* Debug */ = {
			isa = XCBuildConfiguration;
			buildSettings = {
				ALWAYS_SEARCH_USER_PATHS = NO;
				ASSETCATALOG_COMPILER_GENERATE_SWIFT_ASSET_SYMBOL_EXTENSIONS = YES;
				CLANG_ANALYZER_NONNULL = YES;
				CLANG_ANALYZER_NUMBER_OBJECT_CONVERSION = YES_AGGRESSIVE;
				CLANG_CXX_LANGUAGE_STANDARD = "gnu++20";
				CLANG_ENABLE_MODULES = YES;
				CLANG_ENABLE_OBJC_ARC = YES;
				CLANG_ENABLE_OBJC_WEAK = YES;
				CLANG_WARN_BLOCK_CAPTURE_AUTORELEASING = YES;
				CLANG_WARN_BOOL_CONVERSION = YES;
				CLANG_WARN_COMMA = YES;
				CLANG_WARN_CONSTANT_CONVERSION = YES;
				CLANG_WARN_DEPRECATED_OBJC_IMPLEMENTATIONS = YES;
				CLANG_WARN_DIRECT_OBJC_ISA_USAGE = YES_ERROR;
				CLANG_WARN_DOCUMENTATION_COMMENTS = YES;
				CLANG_WARN_EMPTY_BODY = YES;
				CLANG_WARN_ENUM_CONVERSION = YES;
				CLANG_WARN_INFINITE_RECURSION = YES;
				CLANG_WARN_INT_CONVERSION = YES;
				CLANG_WARN_NON_LITERAL_NULL_CONVERSION = YES;
				CLANG_WARN_OBJC_IMPLICIT_RETAIN_SELF = YES;
				CLANG_WARN_OBJC_LITERAL_CONVERSION = YES;
				CLANG_WARN_OBJC_ROOT_CLASS = YES_ERROR;
				CLANG_WARN_QUOTED_INCLUDE_IN_FRAMEWORK_HEADER = YES;
				CLANG_WARN_RANGE_LOOP_ANALYSIS = YES;
				CLANG_WARN_STRICT_PROTOTYPES = YES;
				CLANG_WARN_SUSPICIOUS_MOVE = YES;
				CLANG_WARN_UNGUARDED_AVAILABILITY = YES_AGGRESSIVE;
				CLANG_WARN_UNREACHABLE_CODE = YES;
				CLANG_WARN__DUPLICATE_METHOD_MATCH = YES;
				COPY_PHASE_STRIP = NO;
				DEBUG_INFORMATION_FORMAT = dwarf;
				ENABLE_STRICT_OBJC_MSGSEND = YES;
				ENABLE_TESTABILITY = YES;
				ENABLE_USER_SCRIPT_SANDBOXING = YES;
				GCC_C_LANGUAGE_STANDARD = gnu17;
				GCC_DYNAMIC_NO_PIC = NO;
				GCC_NO_COMMON_BLOCKS = YES;
				GCC_OPTIMIZATION_LEVEL = 0;
				GCC_PREPROCESSOR_DEFINITIONS = (
					"DEBUG=1",
					"$(inherited)",
				);
				GCC_WARN_64_TO_32_BIT_CONVERSION = YES;
				GCC_WARN_ABOUT_RETURN_TYPE = YES_ERROR;
				GCC_WARN_UNDECLARED_SELECTOR = YES;
				GCC_WARN_UNINITIALIZED_AUTOS = YES_AGGRESSIVE;
				GCC_WARN_UNUSED_FUNCTION = YES;
				GCC_WARN_UNUSED_VARIABLE = YES;
				IPHONEOS_DEPLOYMENT_TARGET = 17.0;
				LOCALIZATION_PREFERS_STRING_CATALOGS = YES;
				MTL_ENABLE_DEBUG_INFO = INCLUDE_SOURCE;
				MTL_FAST_MATH = YES;
				ONLY_ACTIVE_ARCH = YES;
				SDKROOT = iphoneos;
				SWIFT_ACTIVE_COMPILATION_CONDITIONS = "DEBUG $(inherited)";
				SWIFT_OPTIMIZATION_LEVEL = "-Onone";
			};
			name = Debug;
		};
		06C3BC8B2B1B39420040A2EC /* Release */ = {
			isa = XCBuildConfiguration;
			buildSettings = {
				ALWAYS_SEARCH_USER_PATHS = NO;
				ASSETCATALOG_COMPILER_GENERATE_SWIFT_ASSET_SYMBOL_EXTENSIONS = YES;
				CLANG_ANALYZER_NONNULL = YES;
				CLANG_ANALYZER_NUMBER_OBJECT_CONVERSION = YES_AGGRESSIVE;
				CLANG_CXX_LANGUAGE_STANDARD = "gnu++20";
				CLANG_ENABLE_MODULES = YES;
				CLANG_ENABLE_OBJC_ARC = YES;
				CLANG_ENABLE_OBJC_WEAK = YES;
				CLANG_WARN_BLOCK_CAPTURE_AUTORELEASING = YES;
				CLANG_WARN_BOOL_CONVERSION = YES;
				CLANG_WARN_COMMA = YES;
				CLANG_WARN_CONSTANT_CONVERSION = YES;
				CLANG_WARN_DEPRECATED_OBJC_IMPLEMENTATIONS = YES;
				CLANG_WARN_DIRECT_OBJC_ISA_USAGE = YES_ERROR;
				CLANG_WARN_DOCUMENTATION_COMMENTS = YES;
				CLANG_WARN_EMPTY_BODY = YES;
				CLANG_WARN_ENUM_CONVERSION = YES;
				CLANG_WARN_INFINITE_RECURSION = YES;
				CLANG_WARN_INT_CONVERSION = YES;
				CLANG_WARN_NON_LITERAL_NULL_CONVERSION = YES;
				CLANG_WARN_OBJC_IMPLICIT_RETAIN_SELF = YES;
				CLANG_WARN_OBJC_LITERAL_CONVERSION = YES;
				CLANG_WARN_OBJC_ROOT_CLASS = YES_ERROR;
				CLANG_WARN_QUOTED_INCLUDE_IN_FRAMEWORK_HEADER = YES;
				CLANG_WARN_RANGE_LOOP_ANALYSIS = YES;
				CLANG_WARN_STRICT_PROTOTYPES = YES;
				CLANG_WARN_SUSPICIOUS_MOVE = YES;
				CLANG_WARN_UNGUARDED_AVAILABILITY = YES_AGGRESSIVE;
				CLANG_WARN_UNREACHABLE_CODE = YES;
				CLANG_WARN__DUPLICATE_METHOD_MATCH = YES;
				COPY_PHASE_STRIP = NO;
				DEBUG_INFORMATION_FORMAT = "dwarf-with-dsym";
				ENABLE_NS_ASSERTIONS = NO;
				ENABLE_STRICT_OBJC_MSGSEND = YES;
				ENABLE_USER_SCRIPT_SANDBOXING = YES;
				GCC_C_LANGUAGE_STANDARD = gnu17;
				GCC_NO_COMMON_BLOCKS = YES;
				GCC_WARN_64_TO_32_BIT_CONVERSION = YES;
				GCC_WARN_ABOUT_RETURN_TYPE = YES_ERROR;
				GCC_WARN_UNDECLARED_SELECTOR = YES;
				GCC_WARN_UNINITIALIZED_AUTOS = YES_AGGRESSIVE;
				GCC_WARN_UNUSED_FUNCTION = YES;
				GCC_WARN_UNUSED_VARIABLE = YES;
				IPHONEOS_DEPLOYMENT_TARGET = 17.0;
				LOCALIZATION_PREFERS_STRING_CATALOGS = YES;
				MTL_ENABLE_DEBUG_INFO = NO;
				MTL_FAST_MATH = YES;
				SDKROOT = iphoneos;
				SWIFT_COMPILATION_MODE = wholemodule;
				VALIDATE_PRODUCT = YES;
			};
			name = Release;
		};
		06C3BC8D2B1B39420040A2EC /* Debug */ = {
			isa = XCBuildConfiguration;
			buildSettings = {
				ASSETCATALOG_COMPILER_APPICON_NAME = AppIcon;
				ASSETCATALOG_COMPILER_GLOBAL_ACCENT_COLOR_NAME = AccentColor;
				CODE_SIGN_STYLE = Automatic;
				CURRENT_PROJECT_VERSION = 1;
				DEVELOPMENT_TEAM = BWQ9CW35SP;
				GENERATE_INFOPLIST_FILE = YES;
				INFOPLIST_FILE = PixaBay/Info.plist;
				INFOPLIST_KEY_UIApplicationSupportsIndirectInputEvents = YES;
				INFOPLIST_KEY_UILaunchStoryboardName = LaunchScreen;
				INFOPLIST_KEY_UIMainStoryboardFile = Main;
				INFOPLIST_KEY_UISupportedInterfaceOrientations_iPad = "UIInterfaceOrientationPortrait UIInterfaceOrientationPortraitUpsideDown UIInterfaceOrientationLandscapeLeft UIInterfaceOrientationLandscapeRight";
				INFOPLIST_KEY_UISupportedInterfaceOrientations_iPhone = "UIInterfaceOrientationPortrait UIInterfaceOrientationLandscapeLeft UIInterfaceOrientationLandscapeRight";
				LD_RUNPATH_SEARCH_PATHS = (
					"$(inherited)",
					"@executable_path/Frameworks",
				);
				MARKETING_VERSION = 1.0;
				PRODUCT_BUNDLE_IDENTIFIER = com.gkratsashvili.PixaBay;
				PRODUCT_NAME = "$(TARGET_NAME)";
				SWIFT_EMIT_LOC_STRINGS = YES;
				SWIFT_VERSION = 5.0;
				TARGETED_DEVICE_FAMILY = "1,2";
			};
			name = Debug;
		};
		06C3BC8E2B1B39420040A2EC /* Release */ = {
			isa = XCBuildConfiguration;
			buildSettings = {
				ASSETCATALOG_COMPILER_APPICON_NAME = AppIcon;
				ASSETCATALOG_COMPILER_GLOBAL_ACCENT_COLOR_NAME = AccentColor;
				CODE_SIGN_STYLE = Automatic;
				CURRENT_PROJECT_VERSION = 1;
				DEVELOPMENT_TEAM = BWQ9CW35SP;
				GENERATE_INFOPLIST_FILE = YES;
				INFOPLIST_FILE = PixaBay/Info.plist;
				INFOPLIST_KEY_UIApplicationSupportsIndirectInputEvents = YES;
				INFOPLIST_KEY_UILaunchStoryboardName = LaunchScreen;
				INFOPLIST_KEY_UIMainStoryboardFile = Main;
				INFOPLIST_KEY_UISupportedInterfaceOrientations_iPad = "UIInterfaceOrientationPortrait UIInterfaceOrientationPortraitUpsideDown UIInterfaceOrientationLandscapeLeft UIInterfaceOrientationLandscapeRight";
				INFOPLIST_KEY_UISupportedInterfaceOrientations_iPhone = "UIInterfaceOrientationPortrait UIInterfaceOrientationLandscapeLeft UIInterfaceOrientationLandscapeRight";
				LD_RUNPATH_SEARCH_PATHS = (
					"$(inherited)",
					"@executable_path/Frameworks",
				);
				MARKETING_VERSION = 1.0;
				PRODUCT_BUNDLE_IDENTIFIER = com.gkratsashvili.PixaBay;
				PRODUCT_NAME = "$(TARGET_NAME)";
				SWIFT_EMIT_LOC_STRINGS = YES;
				SWIFT_VERSION = 5.0;
				TARGETED_DEVICE_FAMILY = "1,2";
			};
			name = Release;
		};
		06C3BC902B1B39420040A2EC /* Debug */ = {
			isa = XCBuildConfiguration;
			buildSettings = {
				ALWAYS_EMBED_SWIFT_STANDARD_LIBRARIES = YES;
				BUNDLE_LOADER = "$(TEST_HOST)";
				CODE_SIGN_STYLE = Automatic;
				CURRENT_PROJECT_VERSION = 1;
				DEVELOPMENT_TEAM = BWQ9CW35SP;
				GENERATE_INFOPLIST_FILE = YES;
				IPHONEOS_DEPLOYMENT_TARGET = 17.0;
				MARKETING_VERSION = 1.0;
				PRODUCT_BUNDLE_IDENTIFIER = com.gkratsashvili.PixaBayTests;
				PRODUCT_NAME = "$(TARGET_NAME)";
				SWIFT_EMIT_LOC_STRINGS = NO;
				SWIFT_VERSION = 5.0;
				TARGETED_DEVICE_FAMILY = "1,2";
				TEST_HOST = "$(BUILT_PRODUCTS_DIR)/PixaBay.app/$(BUNDLE_EXECUTABLE_FOLDER_PATH)/PixaBay";
			};
			name = Debug;
		};
		06C3BC912B1B39420040A2EC /* Release */ = {
			isa = XCBuildConfiguration;
			buildSettings = {
				ALWAYS_EMBED_SWIFT_STANDARD_LIBRARIES = YES;
				BUNDLE_LOADER = "$(TEST_HOST)";
				CODE_SIGN_STYLE = Automatic;
				CURRENT_PROJECT_VERSION = 1;
				DEVELOPMENT_TEAM = BWQ9CW35SP;
				GENERATE_INFOPLIST_FILE = YES;
				IPHONEOS_DEPLOYMENT_TARGET = 17.0;
				MARKETING_VERSION = 1.0;
				PRODUCT_BUNDLE_IDENTIFIER = com.gkratsashvili.PixaBayTests;
				PRODUCT_NAME = "$(TARGET_NAME)";
				SWIFT_EMIT_LOC_STRINGS = NO;
				SWIFT_VERSION = 5.0;
				TARGETED_DEVICE_FAMILY = "1,2";
				TEST_HOST = "$(BUILT_PRODUCTS_DIR)/PixaBay.app/$(BUNDLE_EXECUTABLE_FOLDER_PATH)/PixaBay";
			};
			name = Release;
		};
		06C3BC932B1B39420040A2EC /* Debug */ = {
			isa = XCBuildConfiguration;
			buildSettings = {
				ALWAYS_EMBED_SWIFT_STANDARD_LIBRARIES = YES;
				CODE_SIGN_STYLE = Automatic;
				CURRENT_PROJECT_VERSION = 1;
				DEVELOPMENT_TEAM = BWQ9CW35SP;
				GENERATE_INFOPLIST_FILE = YES;
				MARKETING_VERSION = 1.0;
				PRODUCT_BUNDLE_IDENTIFIER = com.gkratsashvili.PixaBayUITests;
				PRODUCT_NAME = "$(TARGET_NAME)";
				SWIFT_EMIT_LOC_STRINGS = NO;
				SWIFT_VERSION = 5.0;
				TARGETED_DEVICE_FAMILY = "1,2";
				TEST_TARGET_NAME = PixaBay;
			};
			name = Debug;
		};
		06C3BC942B1B39420040A2EC /* Release */ = {
			isa = XCBuildConfiguration;
			buildSettings = {
				ALWAYS_EMBED_SWIFT_STANDARD_LIBRARIES = YES;
				CODE_SIGN_STYLE = Automatic;
				CURRENT_PROJECT_VERSION = 1;
				DEVELOPMENT_TEAM = BWQ9CW35SP;
				GENERATE_INFOPLIST_FILE = YES;
				MARKETING_VERSION = 1.0;
				PRODUCT_BUNDLE_IDENTIFIER = com.gkratsashvili.PixaBayUITests;
				PRODUCT_NAME = "$(TARGET_NAME)";
				SWIFT_EMIT_LOC_STRINGS = NO;
				SWIFT_VERSION = 5.0;
				TARGETED_DEVICE_FAMILY = "1,2";
				TEST_TARGET_NAME = PixaBay;
			};
			name = Release;
		};
/* End XCBuildConfiguration section */

/* Begin XCConfigurationList section */
		06C3BC5D2B1B39410040A2EC /* Build configuration list for PBXProject "PixaBay" */ = {
			isa = XCConfigurationList;
			buildConfigurations = (
				06C3BC8A2B1B39420040A2EC /* Debug */,
				06C3BC8B2B1B39420040A2EC /* Release */,
			);
			defaultConfigurationIsVisible = 0;
			defaultConfigurationName = Release;
		};
		06C3BC8C2B1B39420040A2EC /* Build configuration list for PBXNativeTarget "PixaBay" */ = {
			isa = XCConfigurationList;
			buildConfigurations = (
				06C3BC8D2B1B39420040A2EC /* Debug */,
				06C3BC8E2B1B39420040A2EC /* Release */,
			);
			defaultConfigurationIsVisible = 0;
			defaultConfigurationName = Release;
		};
		06C3BC8F2B1B39420040A2EC /* Build configuration list for PBXNativeTarget "PixaBayTests" */ = {
			isa = XCConfigurationList;
			buildConfigurations = (
				06C3BC902B1B39420040A2EC /* Debug */,
				06C3BC912B1B39420040A2EC /* Release */,
			);
			defaultConfigurationIsVisible = 0;
			defaultConfigurationName = Release;
		};
		06C3BC922B1B39420040A2EC /* Build configuration list for PBXNativeTarget "PixaBayUITests" */ = {
			isa = XCConfigurationList;
			buildConfigurations = (
				06C3BC932B1B39420040A2EC /* Debug */,
				06C3BC942B1B39420040A2EC /* Release */,
			);
			defaultConfigurationIsVisible = 0;
			defaultConfigurationName = Release;
		};
/* End XCConfigurationList section */

/* Begin XCRemoteSwiftPackageReference section */
		06C3BC9D2B1B3CD90040A2EC /* XCRemoteSwiftPackageReference "swift-di" */ = {
			isa = XCRemoteSwiftPackageReference;
			repositoryURL = "https://github.com/codalasolutions/swift-di.git";
			requirement = {
				branch = main;
				kind = branch;
			};
		};
		06C3BCA02B1B4C750040A2EC /* XCRemoteSwiftPackageReference "swift-network" */ = {
			isa = XCRemoteSwiftPackageReference;
			repositoryURL = "https://github.com/codalasolutions/swift-network.git";
			requirement = {
				branch = main;
				kind = branch;
			};
		};
/* End XCRemoteSwiftPackageReference section */

/* Begin XCSwiftPackageProductDependency section */
		06C3BC9E2B1B3CD90040A2EC /* DI */ = {
			isa = XCSwiftPackageProductDependency;
			package = 06C3BC9D2B1B3CD90040A2EC /* XCRemoteSwiftPackageReference "swift-di" */;
			productName = DI;
		};
		06C3BCA12B1B4C750040A2EC /* Network */ = {
			isa = XCSwiftPackageProductDependency;
			package = 06C3BCA02B1B4C750040A2EC /* XCRemoteSwiftPackageReference "swift-network" */;
			productName = Network;
		};
/* End XCSwiftPackageProductDependency section */
	};
	rootObject = 06C3BC5A2B1B39410040A2EC /* Project object */;
}
